
Microsoft Visual Studio Solution File, Format Version 12.00
# Visual Studio Version 16
VisualStudioVersion = 16.0.29102.190
MinimumVisualStudioVersion = 10.0.40219.1
Project("{8BC9CEB8-8B4A-11D0-8D11-00A0C91BC942}") = "blitter", "blitter\blitter.vcxproj", "{7A6DE552-449A-4B19-8DAA-DFBF7714335D}"
EndProject
Project("{8BC9CEB8-8B4A-11D0-8D11-00A0C91BC942}") = "season", "season\season.vcxproj", "{2F5C43F0-AC17-49BF-856A-1746252A6361}"
	ProjectSection(ProjectDependencies) = postProject
		{7A6DE552-449A-4B19-8DAA-DFBF7714335D} = {7A6DE552-449A-4B19-8DAA-DFBF7714335D}
		{830AB681-B788-47D4-9767-BA4E0792F682} = {830AB681-B788-47D4-9767-BA4E0792F682}
		{8FD826F8-3739-44E6-8CC8-997122E53B8D} = {8FD826F8-3739-44E6-8CC8-997122E53B8D}
	EndProjectSection
EndProject
Project("{8BC9CEB8-8B4A-11D0-8D11-00A0C91BC942}") = "llc", "..\gpk\llc\llc.vcxproj", "{830AB681-B788-47D4-9767-BA4E0792F682}"
EndProject
Project("{8BC9CEB8-8B4A-11D0-8D11-00A0C91BC942}") = "zlibvc", "..\zlib\contrib\vstudio\vc14\zlibvc.vcxproj", "{8FD826F8-3739-44E6-8CC8-997122E53B8D}"
EndProject
Project("{8BC9CEB8-8B4A-11D0-8D11-00A0C91BC942}") = "blit", "blit\blit.vcxproj", "{B9A529D1-4253-4B32-B7F7-336AB4D8AC31}"
	ProjectSection(ProjectDependencies) = postProject
		{7A6DE552-449A-4B19-8DAA-DFBF7714335D} = {7A6DE552-449A-4B19-8DAA-DFBF7714335D}
		{830AB681-B788-47D4-9767-BA4E0792F682} = {830AB681-B788-47D4-9767-BA4E0792F682}
		{8FD826F8-3739-44E6-8CC8-997122E53B8D} = {8FD826F8-3739-44E6-8CC8-997122E53B8D}
	EndProjectSection
EndProject
Project("{2150E333-8FDC-42A3-9474-1A3956D46DE8}") = "Solution Items", "Solution Items", "{508F4DA5-865A-46A5-B9DE-1CA3B7EB2CCD}"
	ProjectSection(SolutionItems) = preProject
		blitter\blitter.json = blitter\blitter.json
		blitter\refresh.bat = blitter\refresh.bat
	EndProjectSection
EndProject
Project("{8BC9CEB8-8B4A-11D0-8D11-00A0C91BC942}") = "reason", "reason\reason.vcxproj", "{5358C214-1784-4D7E-AC12-76CD0B9F548C}"
	ProjectSection(ProjectDependencies) = postProject
		{7A6DE552-449A-4B19-8DAA-DFBF7714335D} = {7A6DE552-449A-4B19-8DAA-DFBF7714335D}
		{830AB681-B788-47D4-9767-BA4E0792F682} = {830AB681-B788-47D4-9767-BA4E0792F682}
		{8FD826F8-3739-44E6-8CC8-997122E53B8D} = {8FD826F8-3739-44E6-8CC8-997122E53B8D}
	EndProjectSection
EndProject
Project("{8BC9CEB8-8B4A-11D0-8D11-00A0C91BC942}") = "blot", "blot\blot.vcxproj", "{FEE4279D-08F0-4FA9-9A22-2C4904FE2D28}"
	ProjectSection(ProjectDependencies) = postProject
		{5358C214-1784-4D7E-AC12-76CD0B9F548C} = {5358C214-1784-4D7E-AC12-76CD0B9F548C}
		{7A6DE552-449A-4B19-8DAA-DFBF7714335D} = {7A6DE552-449A-4B19-8DAA-DFBF7714335D}
		{830AB681-B788-47D4-9767-BA4E0792F682} = {830AB681-B788-47D4-9767-BA4E0792F682}
		{B9A529D1-4253-4B32-B7F7-336AB4D8AC31} = {B9A529D1-4253-4B32-B7F7-336AB4D8AC31}
		{2F5C43F0-AC17-49BF-856A-1746252A6361} = {2F5C43F0-AC17-49BF-856A-1746252A6361}
		{8FD826F8-3739-44E6-8CC8-997122E53B8D} = {8FD826F8-3739-44E6-8CC8-997122E53B8D}
	EndProjectSection
EndProject
Project("{8BC9CEB8-8B4A-11D0-8D11-00A0C91BC942}") = "test_blitter", "test_blitter\test_blitter.vcxproj", "{B12D4194-9418-4FF8-9EF0-710AE599BB48}"
	ProjectSection(ProjectDependencies) = postProject
		{7A6DE552-449A-4B19-8DAA-DFBF7714335D} = {7A6DE552-449A-4B19-8DAA-DFBF7714335D}
		{830AB681-B788-47D4-9767-BA4E0792F682} = {830AB681-B788-47D4-9767-BA4E0792F682}
		{8FD826F8-3739-44E6-8CC8-997122E53B8D} = {8FD826F8-3739-44E6-8CC8-997122E53B8D}
	EndProjectSection
EndProject
Global
	GlobalSection(SolutionConfigurationPlatforms) = preSolution
		Debug|x64 = Debug|x64
		Debug|x86 = Debug|x86
		Release|x64 = Release|x64
		Release|x86 = Release|x86
		ReleaseWithoutAsm|x64 = ReleaseWithoutAsm|x64
		ReleaseWithoutAsm|x86 = ReleaseWithoutAsm|x86
	EndGlobalSection
	GlobalSection(ProjectConfigurationPlatforms) = postSolution
		{7A6DE552-449A-4B19-8DAA-DFBF7714335D}.Debug|x64.ActiveCfg = Debug|x64
		{7A6DE552-449A-4B19-8DAA-DFBF7714335D}.Debug|x64.Build.0 = Debug|x64
		{7A6DE552-449A-4B19-8DAA-DFBF7714335D}.Debug|x86.ActiveCfg = Debug|Win32
		{7A6DE552-449A-4B19-8DAA-DFBF7714335D}.Debug|x86.Build.0 = Debug|Win32
		{7A6DE552-449A-4B19-8DAA-DFBF7714335D}.Release|x64.ActiveCfg = Release|x64
		{7A6DE552-449A-4B19-8DAA-DFBF7714335D}.Release|x64.Build.0 = Release|x64
		{7A6DE552-449A-4B19-8DAA-DFBF7714335D}.Release|x86.ActiveCfg = Release|Win32
		{7A6DE552-449A-4B19-8DAA-DFBF7714335D}.Release|x86.Build.0 = Release|Win32
		{7A6DE552-449A-4B19-8DAA-DFBF7714335D}.ReleaseWithoutAsm|x64.ActiveCfg = Release|x64
		{7A6DE552-449A-4B19-8DAA-DFBF7714335D}.ReleaseWithoutAsm|x64.Build.0 = Release|x64
		{7A6DE552-449A-4B19-8DAA-DFBF7714335D}.ReleaseWithoutAsm|x86.ActiveCfg = Release|Win32
		{7A6DE552-449A-4B19-8DAA-DFBF7714335D}.ReleaseWithoutAsm|x86.Build.0 = Release|Win32
		{2F5C43F0-AC17-49BF-856A-1746252A6361}.Debug|x64.ActiveCfg = Debug|x64
		{2F5C43F0-AC17-49BF-856A-1746252A6361}.Debug|x64.Build.0 = Debug|x64
		{2F5C43F0-AC17-49BF-856A-1746252A6361}.Debug|x86.ActiveCfg = Debug|Win32
		{2F5C43F0-AC17-49BF-856A-1746252A6361}.Debug|x86.Build.0 = Debug|Win32
		{2F5C43F0-AC17-49BF-856A-1746252A6361}.Release|x64.ActiveCfg = Release|x64
		{2F5C43F0-AC17-49BF-856A-1746252A6361}.Release|x64.Build.0 = Release|x64
		{2F5C43F0-AC17-49BF-856A-1746252A6361}.Release|x86.ActiveCfg = Release|Win32
		{2F5C43F0-AC17-49BF-856A-1746252A6361}.Release|x86.Build.0 = Release|Win32
		{2F5C43F0-AC17-49BF-856A-1746252A6361}.ReleaseWithoutAsm|x64.ActiveCfg = Release|x64
		{2F5C43F0-AC17-49BF-856A-1746252A6361}.ReleaseWithoutAsm|x64.Build.0 = Release|x64
		{2F5C43F0-AC17-49BF-856A-1746252A6361}.ReleaseWithoutAsm|x86.ActiveCfg = Release|Win32
		{2F5C43F0-AC17-49BF-856A-1746252A6361}.ReleaseWithoutAsm|x86.Build.0 = Release|Win32
		{830AB681-B788-47D4-9767-BA4E0792F682}.Debug|x64.ActiveCfg = Debug|x64
		{830AB681-B788-47D4-9767-BA4E0792F682}.Debug|x64.Build.0 = Debug|x64
		{830AB681-B788-47D4-9767-BA4E0792F682}.Debug|x86.ActiveCfg = Debug|Win32
		{830AB681-B788-47D4-9767-BA4E0792F682}.Debug|x86.Build.0 = Debug|Win32
		{830AB681-B788-47D4-9767-BA4E0792F682}.Release|x64.ActiveCfg = Release|x64
		{830AB681-B788-47D4-9767-BA4E0792F682}.Release|x64.Build.0 = Release|x64
		{830AB681-B788-47D4-9767-BA4E0792F682}.Release|x86.ActiveCfg = Release|Win32
		{830AB681-B788-47D4-9767-BA4E0792F682}.Release|x86.Build.0 = Release|Win32
		{830AB681-B788-47D4-9767-BA4E0792F682}.ReleaseWithoutAsm|x64.ActiveCfg = Release|x64
		{830AB681-B788-47D4-9767-BA4E0792F682}.ReleaseWithoutAsm|x64.Build.0 = Release|x64
		{830AB681-B788-47D4-9767-BA4E0792F682}.ReleaseWithoutAsm|x86.ActiveCfg = Release|Win32
		{830AB681-B788-47D4-9767-BA4E0792F682}.ReleaseWithoutAsm|x86.Build.0 = Release|Win32
		{8FD826F8-3739-44E6-8CC8-997122E53B8D}.Debug|x64.ActiveCfg = Debug|x64
		{8FD826F8-3739-44E6-8CC8-997122E53B8D}.Debug|x64.Build.0 = Debug|x64
		{8FD826F8-3739-44E6-8CC8-997122E53B8D}.Debug|x86.ActiveCfg = Debug|Win32
		{8FD826F8-3739-44E6-8CC8-997122E53B8D}.Debug|x86.Build.0 = Debug|Win32
		{8FD826F8-3739-44E6-8CC8-997122E53B8D}.Release|x64.ActiveCfg = Release|x64
		{8FD826F8-3739-44E6-8CC8-997122E53B8D}.Release|x64.Build.0 = Release|x64
		{8FD826F8-3739-44E6-8CC8-997122E53B8D}.Release|x86.ActiveCfg = Release|Win32
		{8FD826F8-3739-44E6-8CC8-997122E53B8D}.Release|x86.Build.0 = Release|Win32
		{8FD826F8-3739-44E6-8CC8-997122E53B8D}.ReleaseWithoutAsm|x64.ActiveCfg = ReleaseWithoutAsm|x64
		{8FD826F8-3739-44E6-8CC8-997122E53B8D}.ReleaseWithoutAsm|x64.Build.0 = ReleaseWithoutAsm|x64
		{8FD826F8-3739-44E6-8CC8-997122E53B8D}.ReleaseWithoutAsm|x86.ActiveCfg = ReleaseWithoutAsm|Win32
		{8FD826F8-3739-44E6-8CC8-997122E53B8D}.ReleaseWithoutAsm|x86.Build.0 = ReleaseWithoutAsm|Win32
		{B9A529D1-4253-4B32-B7F7-336AB4D8AC31}.Debug|x64.ActiveCfg = Debug|x64
		{B9A529D1-4253-4B32-B7F7-336AB4D8AC31}.Debug|x64.Build.0 = Debug|x64
		{B9A529D1-4253-4B32-B7F7-336AB4D8AC31}.Debug|x86.ActiveCfg = Debug|Win32
		{B9A529D1-4253-4B32-B7F7-336AB4D8AC31}.Debug|x86.Build.0 = Debug|Win32
		{B9A529D1-4253-4B32-B7F7-336AB4D8AC31}.Release|x64.ActiveCfg = Release|x64
		{B9A529D1-4253-4B32-B7F7-336AB4D8AC31}.Release|x64.Build.0 = Release|x64
		{B9A529D1-4253-4B32-B7F7-336AB4D8AC31}.Release|x86.ActiveCfg = Release|Win32
		{B9A529D1-4253-4B32-B7F7-336AB4D8AC31}.Release|x86.Build.0 = Release|Win32
		{B9A529D1-4253-4B32-B7F7-336AB4D8AC31}.ReleaseWithoutAsm|x64.ActiveCfg = Release|x64
		{B9A529D1-4253-4B32-B7F7-336AB4D8AC31}.ReleaseWithoutAsm|x64.Build.0 = Release|x64
		{B9A529D1-4253-4B32-B7F7-336AB4D8AC31}.ReleaseWithoutAsm|x86.ActiveCfg = Release|Win32
		{B9A529D1-4253-4B32-B7F7-336AB4D8AC31}.ReleaseWithoutAsm|x86.Build.0 = Release|Win32
		{5358C214-1784-4D7E-AC12-76CD0B9F548C}.Debug|x64.ActiveCfg = Debug|x64
		{5358C214-1784-4D7E-AC12-76CD0B9F548C}.Debug|x64.Build.0 = Debug|x64
		{5358C214-1784-4D7E-AC12-76CD0B9F548C}.Debug|x86.ActiveCfg = Debug|Win32
		{5358C214-1784-4D7E-AC12-76CD0B9F548C}.Debug|x86.Build.0 = Debug|Win32
		{5358C214-1784-4D7E-AC12-76CD0B9F548C}.Release|x64.ActiveCfg = Release|x64
		{5358C214-1784-4D7E-AC12-76CD0B9F548C}.Release|x64.Build.0 = Release|x64
		{5358C214-1784-4D7E-AC12-76CD0B9F548C}.Release|x86.ActiveCfg = Release|Win32
		{5358C214-1784-4D7E-AC12-76CD0B9F548C}.Release|x86.Build.0 = Release|Win32
		{5358C214-1784-4D7E-AC12-76CD0B9F548C}.ReleaseWithoutAsm|x64.ActiveCfg = Release|x64
		{5358C214-1784-4D7E-AC12-76CD0B9F548C}.ReleaseWithoutAsm|x64.Build.0 = Release|x64
		{5358C214-1784-4D7E-AC12-76CD0B9F548C}.ReleaseWithoutAsm|x86.ActiveCfg = Release|Win32
		{5358C214-1784-4D7E-AC12-76CD0B9F548C}.ReleaseWithoutAsm|x86.Build.0 = Release|Win32
		{FEE4279D-08F0-4FA9-9A22-2C4904FE2D28}.Debug|x64.ActiveCfg = Debug|x64
		{FEE4279D-08F0-4FA9-9A22-2C4904FE2D28}.Debug|x64.Build.0 = Debug|x64
		{FEE4279D-08F0-4FA9-9A22-2C4904FE2D28}.Debug|x86.ActiveCfg = Debug|Win32
		{FEE4279D-08F0-4FA9-9A22-2C4904FE2D28}.Debug|x86.Build.0 = Debug|Win32
		{FEE4279D-08F0-4FA9-9A22-2C4904FE2D28}.Release|x64.ActiveCfg = Release|x64
		{FEE4279D-08F0-4FA9-9A22-2C4904FE2D28}.Release|x64.Build.0 = Release|x64
		{FEE4279D-08F0-4FA9-9A22-2C4904FE2D28}.Release|x86.ActiveCfg = Release|Win32
		{FEE4279D-08F0-4FA9-9A22-2C4904FE2D28}.Release|x86.Build.0 = Release|Win32
		{FEE4279D-08F0-4FA9-9A22-2C4904FE2D28}.ReleaseWithoutAsm|x64.ActiveCfg = Release|x64
		{FEE4279D-08F0-4FA9-9A22-2C4904FE2D28}.ReleaseWithoutAsm|x64.Build.0 = Release|x64
		{FEE4279D-08F0-4FA9-9A22-2C4904FE2D28}.ReleaseWithoutAsm|x86.ActiveCfg = Release|Win32
		{FEE4279D-08F0-4FA9-9A22-2C4904FE2D28}.ReleaseWithoutAsm|x86.Build.0 = Release|Win32
		{B12D4194-9418-4FF8-9EF0-710AE599BB48}.Debug|x64.ActiveCfg = Debug|x64
		{B12D4194-9418-4FF8-9EF0-710AE599BB48}.Debug|x64.Build.0 = Debug|x64
		{B12D4194-9418-4FF8-9EF0-710AE599BB48}.Debug|x86.ActiveCfg = Debug|Win32
		{B12D4194-9418-4FF8-9EF0-710AE599BB48}.Debug|x86.Build.0 = Debug|Win32
		{B12D4194-9418-4FF8-9EF0-710AE599BB48}.Release|x64.ActiveCfg = Release|x64
		{B12D4194-9418-4FF8-9EF0-710AE599BB48}.Release|x64.Build.0 = Release|x64
		{B12D4194-9418-4FF8-9EF0-710AE599BB48}.Release|x86.ActiveCfg = Release|Win32
		{B12D4194-9418-4FF8-9EF0-710AE599BB48}.Release|x86.Build.0 = Release|Win32
		{B12D4194-9418-4FF8-9EF0-710AE599BB48}.ReleaseWithoutAsm|x64.ActiveCfg = Release|x64
		{B12D4194-9418-4FF8-9EF0-710AE599BB48}.ReleaseWithoutAsm|x64.Build.0 = Release|x64
		{B12D4194-9418-4FF8-9EF0-710AE599BB48}.ReleaseWithoutAsm|x86.ActiveCfg = Release|Win32
		{B12D4194-9418-4FF8-9EF0-710AE599BB48}.ReleaseWithoutAsm|x86.Build.0 = Release|Win32
	EndGlobalSection
	GlobalSection(SolutionProperties) = preSolution
		HideSolutionNode = FALSE
	EndGlobalSection
	GlobalSection(ExtensibilityGlobals) = postSolution
		SolutionGuid = {DB7DBFD2-5D4F-446E-A558-2681DB9974AD}
	EndGlobalSection
EndGlobal
